
Microsoft Visual Studio Solution File, Format Version 12.00
# Visual Studio Version 17
VisualStudioVersion = 17.10.35122.118
MinimumVisualStudioVersion = 10.0.40219.1
Project("{FAE04EC0-301F-11D3-BF4B-00C04F79EFBC}") = "WSM.Media.Management", "WSM.Media.Management\WSM.Media.Management.csproj", "{4DA708B8-7304-4C02-B148-3193F0E4A161}"
EndProject
Project("{2150E333-8FDC-42A3-9474-1A3956D46DE8}") = "Samples", "Samples", "{CB18114E-422F-4E2B-AC23-11456AC0A139}"
EndProject
Project("{FAE04EC0-301F-11D3-BF4B-00C04F79EFBC}") = "WSMMediaSample1", "WSMMediaSample1\WSMMediaSample1.csproj", "{7FBC24F0-1073-4EC2-B1F0-F91B25933895}"
EndProject
Global
	GlobalSection(SolutionConfigurationPlatforms) = preSolution
		Debug|Any CPU = Debug|Any CPU
		Release|Any CPU = Release|Any CPU
	EndGlobalSection
	GlobalSection(ProjectConfigurationPlatforms) = postSolution
		{4DA708B8-7304-4C02-B148-3193F0E4A161}.Debug|Any CPU.ActiveCfg = Debug|Any CPU
		{4DA708B8-7304-4C02-B148-3193F0E4A161}.Debug|Any CPU.Build.0 = Debug|Any CPU
		{4DA708B8-7304-4C02-B148-3193F0E4A161}.Release|Any CPU.ActiveCfg = Release|Any CPU
		{4DA708B8-7304-4C02-B148-3193F0E4A161}.Release|Any CPU.Build.0 = Release|Any CPU
		{7FBC24F0-1073-4EC2-B1F0-F91B25933895}.Debug|Any CPU.ActiveCfg = Debug|Any CPU
		{7FBC24F0-1073-4EC2-B1F0-F91B25933895}.Debug|Any CPU.Build.0 = Debug|Any CPU
		{7FBC24F0-1073-4EC2-B1F0-F91B25933895}.Release|Any CPU.ActiveCfg = Release|Any CPU
		{7FBC24F0-1073-4EC2-B1F0-F91B25933895}.Release|Any CPU.Build.0 = Release|Any CPU
	EndGlobalSection
	GlobalSection(SolutionProperties) = preSolution
		HideSolutionNode = FALSE
	EndGlobalSection
	GlobalSection(NestedProjects) = preSolution
		{7FBC24F0-1073-4EC2-B1F0-F91B25933895} = {CB18114E-422F-4E2B-AC23-11456AC0A139}
	EndGlobalSection
	GlobalSection(ExtensibilityGlobals) = postSolution
		SolutionGuid = {6FED9BA2-792F-4EBB-842E-07AC4E509EE3}
	EndGlobalSection
EndGlobal
